# Generated by pub
# See https://dart.dev/tools/pub/glossary#lockfile
packages:
  async:
    dependency: transitive
    description:
      name: async
      sha256: bfe67ef28df125b7dddcea62755991f807aa39a2492a23e1550161692950bbe0
      url: "https://pub.dev"
    source: hosted
    version: "2.10.0"
  black_hole_flutter:
    dependency: transitive
    description:
      name: black_hole_flutter
      sha256: "43a5b16b0cbd55e762afa6e438daa179b86d7b93277737e07298b82b83b946a9"
      url: "https://pub.dev"
    source: hosted
    version: "1.0.3"
  characters:
    dependency: transitive
    description:
      name: characters
      sha256: "04a925763edad70e8443c99234dc3328f442e811f1d8fd1a72f1c8ad0f69a605"
      url: "https://pub.dev"
    source: hosted
    version: "1.3.0"
  clock:
    dependency: transitive
    description:
      name: clock
      sha256: cb6d7f03e1de671e34607e909a7213e31d7752be4fb66a86d29fe1eb14bfb5cf
      url: "https://pub.dev"
    source: hosted
    version: "1.1.1"
  collection:
    dependency: transitive
    description:
      name: collection
      sha256: "4a07be6cb69c84d677a6c3096fcf960cc3285a8330b4603e0d463d15d9bd934c"
      url: "https://pub.dev"
    source: hosted
    version: "1.17.1"
  crypto:
    dependency: transitive
    description:
      name: crypto
      sha256: aa274aa7774f8964e4f4f38cc994db7b6158dd36e9187aaceaddc994b35c6c67
      url: "https://pub.dev"
    source: hosted
    version: "3.0.2"
  dart_date:
    dependency: transitive
    description:
      path: "."
      ref: master
      resolved-ref: fa9da4d2962588712b5339050ed3471615514c70
      url: "https://github.com/xantiagoma/dart_date.git"
    source: git
    version: "1.2.2"
  dartx:
    dependency: transitive
    description:
      name: dartx
      sha256: "45d7176701f16c5a5e00a4798791c1964bc231491b879369c818dd9a9c764871"
      url: "https://pub.dev"
    source: hosted
    version: "1.1.0"
  data_size:
    dependency: transitive
    description:
      name: data_size
      sha256: "313435e60499954b432aff4d680e29271c56a415f549d874978791d25f5a436a"
      url: "https://pub.dev"
    source: hosted
    version: "0.2.0"
  debug_overlay:
    dependency: "direct main"
    description:
      name: debug_overlay
      sha256: "0fc9bff190afda919dccb0f29c17e40c71e02c90a85f25f7f1be4e92ed0a0034"
      url: "https://pub.dev"
    source: hosted
    version: "0.2.7"
  device_info_plus:
    dependency: transitive
    description:
      name: device_info_plus
      sha256: f52ab3b76b36ede4d135aab80194df8925b553686f0fa12226b4e2d658e45903
      url: "https://pub.dev"
    source: hosted
    version: "8.2.2"
  device_info_plus_platform_interface:
    dependency: transitive
    description:
      name: device_info_plus_platform_interface
      sha256: d3b01d5868b50ae571cd1dc6e502fc94d956b665756180f7b16ead09e836fd64
      url: "https://pub.dev"
    source: hosted
    version: "7.0.0"
  ffi:
    dependency: transitive
    description:
      name: ffi
      sha256: a38574032c5f1dd06c4aee541789906c12ccaab8ba01446e800d9c5b79c4a978
      url: "https://pub.dev"
    source: hosted
    version: "2.0.1"
  file:
    dependency: transitive
    description:
      name: file
      sha256: "1b92bec4fc2a72f59a8e15af5f52cd441e4a7860b49499d69dfa817af20e925d"
      url: "https://pub.dev"
    source: hosted
    version: "6.1.4"
  flutter:
    dependency: "direct main"
    description: flutter
    source: sdk
    version: "0.0.0"
  flutter_layout_grid:
    dependency: transitive
    description:
      name: flutter_layout_grid
      sha256: "1df27a2e9cd34faa0c0a33148c8bb9d9259e87cc5b934c989a59a77e1a4c0d6b"
      url: "https://pub.dev"
    source: hosted
    version: "2.0.1"
  flutter_lints:
    dependency: "direct dev"
    description:
      name: flutter_lints
      sha256: aeb0b80a8b3709709c9cc496cdc027c5b3216796bc0af0ce1007eaf24464fd4c
      url: "https://pub.dev"
    source: hosted
    version: "2.0.1"
  flutter_localizations:
    dependency: "direct main"
    description: flutter
    source: sdk
    version: "0.0.0"
  flutter_web_plugins:
    dependency: transitive
    description: flutter
    source: sdk
    version: "0.0.0"
  http:
    dependency: transitive
    description:
      name: http
      sha256: "6aa2946395183537c8b880962d935877325d6a09a2867c3970c05c0fed6ac482"
      url: "https://pub.dev"
    source: hosted
    version: "0.13.5"
  http_parser:
    dependency: transitive
    description:
      name: http_parser
      sha256: "2aa08ce0341cc9b354a498388e30986515406668dbcc4f7c950c3e715496693b"
      url: "https://pub.dev"
    source: hosted
    version: "4.0.2"
  implicitly_animated_list:
    dependency: transitive
    description:
      name: implicitly_animated_list
      sha256: "327074913ed350fbd5089bf433d6268fb98022210e03668035523da7ff64dfdb"
      url: "https://pub.dev"
    source: hosted
    version: "2.2.0"
  intl:
    dependency: transitive
    description:
      name: intl
      sha256: a3715e3bc90294e971cb7dc063fbf3cd9ee0ebf8604ffeafabd9e6f16abbdbe6
      url: "https://pub.dev"
    source: hosted
    version: "0.18.0"
  js:
    dependency: transitive
    description:
      name: js
      sha256: f2c445dce49627136094980615a031419f7f3eb393237e4ecd97ac15dea343f3
      url: "https://pub.dev"
    source: hosted
    version: "0.6.7"
  lints:
    dependency: transitive
    description:
      name: lints
      sha256: "5e4a9cd06d447758280a8ac2405101e0e2094d2a1dbdd3756aec3fe7775ba593"
      url: "https://pub.dev"
    source: hosted
    version: "2.0.1"
  list_diff:
    dependency: transitive
    description:
      name: list_diff
      sha256: ac2d99c4379d5175f1e4943850808e1bf4d5604fd46c1ec3060e7fb0c0fdab05
      url: "https://pub.dev"
    source: hosted
    version: "2.0.1"
  matcher:
    dependency: transitive
    description:
      name: matcher
      sha256: "16db949ceee371e9b99d22f88fa3a73c4e59fd0afed0bd25fc336eb76c198b72"
      url: "https://pub.dev"
    source: hosted
    version: "0.12.13"
  material_color_utilities:
    dependency: transitive
    description:
      name: material_color_utilities
      sha256: d92141dc6fe1dad30722f9aa826c7fbc896d021d792f80678280601aff8cf724
      url: "https://pub.dev"
    source: hosted
    version: "0.2.0"
  meta:
    dependency: transitive
    description:
      name: meta
      sha256: "3c74dbf8763d36539f114c799d8a2d87343b5067e9d796ca22b5eb8437090ee3"
      url: "https://pub.dev"
    source: hosted
    version: "1.9.1"
  package_info_plus:
    dependency: transitive
    description:
      name: package_info_plus
      sha256: "10259b111176fba5c505b102e3a5b022b51dd97e30522e906d6922c745584745"
      url: "https://pub.dev"
    source: hosted
    version: "3.1.2"
  package_info_plus_platform_interface:
    dependency: transitive
    description:
      name: package_info_plus_platform_interface
      sha256: "9bc8ba46813a4cc42c66ab781470711781940780fd8beddd0c3da62506d3a6c6"
      url: "https://pub.dev"
    source: hosted
    version: "2.0.1"
  path:
    dependency: transitive
    description:
      name: path
      sha256: "8829d8a55c13fc0e37127c29fedf290c102f4e40ae94ada574091fe0ff96c917"
      url: "https://pub.dev"
    source: hosted
    version: "1.8.3"
  plugin_platform_interface:
    dependency: transitive
    description:
      name: plugin_platform_interface
      sha256: dbf0f707c78beedc9200146ad3cb0ab4d5da13c246336987be6940f026500d3a
      url: "https://pub.dev"
    source: hosted
    version: "2.1.3"
  quiver:
    dependency: transitive
    description:
      name: quiver
      sha256: "93982981971e812c94d4a6fa3a57b89f9ec12b38b6380cd3c1370c3b01e4580e"
      url: "https://pub.dev"
    source: hosted
    version: "3.1.0"
  sensors_plus:
    dependency: transitive
    description:
      name: sensors_plus
      sha256: "362c8f4f001838b90dd5206b898bbad941bc0142479eab9a3415f0f79e622908"
      url: "https://pub.dev"
    source: hosted
    version: "1.4.1"
  sensors_plus_platform_interface:
    dependency: transitive
    description:
      name: sensors_plus_platform_interface
      sha256: "95f0cc08791b8bf0c41c5fa99c84be2a7d5bf60a811ddc17e1438b1e68caf0d3"
      url: "https://pub.dev"
    source: hosted
    version: "1.1.3"
  sensors_plus_web:
    dependency: transitive
    description:
      name: sensors_plus_web
      sha256: fca8d7d9ab6233b2a059952666415508e252420be1ef54f092d07884da53ec5e
      url: "https://pub.dev"
    source: hosted
    version: "1.1.2"
  shake:
    dependency: transitive
    description:
      name: shake
      sha256: "4c3b9477d72b88e5108a3f13c8cadfa83355bed50b26087166628602f4e261af"
      url: "https://pub.dev"
    source: hosted
    version: "2.1.0"
  sky_engine:
    dependency: transitive
    description: flutter
    source: sdk
    version: "0.0.99"
  source_span:
    dependency: transitive
    description:
      name: source_span
      sha256: dd904f795d4b4f3b870833847c461801f6750a9fa8e61ea5ac53f9422b31f250
      url: "https://pub.dev"
    source: hosted
    version: "1.9.1"
  stack_trace:
    dependency: transitive
    description:
      name: stack_trace
      sha256: c3c7d8edb15bee7f0f74debd4b9c5f3c2ea86766fe4178eb2a18eb30a0bdaed5
      url: "https://pub.dev"
    source: hosted
    version: "1.11.0"
  string_scanner:
    dependency: transitive
    description:
      name: string_scanner
      sha256: "862015c5db1f3f3c4ea3b94dc2490363a84262994b88902315ed74be1155612f"
      url: "https://pub.dev"
    source: hosted
    version: "1.1.1"
  term_glyph:
    dependency: transitive
    description:
      name: term_glyph
      sha256: a29248a84fbb7c79282b40b8c72a1209db169a2e0542bce341da992fe1bc7e84
      url: "https://pub.dev"
    source: hosted
    version: "1.2.1"
  time:
    dependency: transitive
    description:
      name: time
      sha256: "83427e11d9072e038364a5e4da559e85869b227cf699a541be0da74f14140124"
      url: "https://pub.dev"
    source: hosted
    version: "2.1.3"
  timeago:
    dependency: transitive
    description:
      name: timeago
      sha256: a415b9a05ef64b845c859a91161fc9f689f88eaaa4c04759517d201891b99e90
      url: "https://pub.dev"
    source: hosted
    version: "3.4.0"
  timetable:
    dependency: "direct main"
    description:
      path: ".."
      relative: true
    source: path
    version: "1.0.0-alpha.10"
  tuple:
    dependency: transitive
    description:
      name: tuple
      sha256: "0ea99cd2f9352b2586583ab2ce6489d1f95a5f6de6fb9492faaf97ae2060f0aa"
      url: "https://pub.dev"
    source: hosted
    version: "2.0.1"
  typed_data:
    dependency: transitive
    description:
      name: typed_data
      sha256: "26f87ade979c47a150c9eaab93ccd2bebe70a27dc0b4b29517f2904f04eb11a5"
      url: "https://pub.dev"
    source: hosted
    version: "1.3.1"
  vector_math:
    dependency: transitive
    description:
      name: vector_math
      sha256: "80b3257d1492ce4d091729e3a67a60407d227c27241d6927be0130c98e741803"
      url: "https://pub.dev"
    source: hosted
    version: "2.1.4"
  win32:
    dependency: transitive
    description:
      name: win32
      sha256: "9555cd63283445e101f0df32105862fdc0b30adb9b84fd0553e9433b3e074d4c"
      url: "https://pub.dev"
    source: hosted
    version: "3.0.1"
sdks:
  dart: ">=3.0.0-0 <4.0.0"
  flutter: ">=3.7.0"
